// !$*UTF8*$!
{
	archiveVersion = 1;
	classes = {
	};
	objectVersion = 46;
	objects = {

/* Begin PBXBuildFile section */
		1CEC6B5F1B2994FE00D8B69D /* main.m in Sources */ = {isa = PBXBuildFile; fileRef = 1CEC6B5E1B2994FE00D8B69D /* main.m */; };
		1CEC6B621B2994FE00D8B69D /* AppDelegate.m in Sources */ = {isa = PBXBuildFile; fileRef = 1CEC6B611B2994FE00D8B69D /* AppDelegate.m */; };
		1CEC6B651B2994FE00D8B69D /* ViewController.m in Sources */ = {isa = PBXBuildFile; fileRef = 1CEC6B641B2994FE00D8B69D /* ViewController.m */; };
		1CEC6B681B2994FE00D8B69D /* Main.storyboard in Resources */ = {isa = PBXBuildFile; fileRef = 1CEC6B661B2994FE00D8B69D /* Main.storyboard */; };
		1CEC6B6A1B2994FE00D8B69D /* Images.xcassets in Resources */ = {isa = PBXBuildFile; fileRef = 1CEC6B691B2994FE00D8B69D /* Images.xcassets */; };
		1CEC6B6D1B2994FE00D8B69D /* LaunchScreen.xib in Resources */ = {isa = PBXBuildFile; fileRef = 1CEC6B6B1B2994FE00D8B69D /* LaunchScreen.xib */; };
		1CEC6B791B2994FE00D8B69D /* ChiAppTests.m in Sources */ = {isa = PBXBuildFile; fileRef = 1CEC6B781B2994FE00D8B69D /* ChiAppTests.m */; };
		69E336EC4855BB95B0B5FA08 /* libPods-ChiApp.a in Frameworks */ = {isa = PBXBuildFile; fileRef = 5616671CFB9A141ABD554EA0 /* libPods-ChiApp.a */; };
/* End PBXBuildFile section */

/* Begin PBXContainerItemProxy section */
		1CEC6B731B2994FE00D8B69D /* PBXContainerItemProxy */ = {
			isa = PBXContainerItemProxy;
			containerPortal = 1CEC6B4F1B2994D000D8B69D /* Project object */;
			proxyType = 1;
			remoteGlobalIDString = 1CEC6B581B2994FE00D8B69D;
			remoteInfo = ChiApp;
		};
/* End PBXContainerItemProxy section */

/* Begin PBXFileReference section */
		1CEC6B591B2994FE00D8B69D /* ChiApp.app */ = {isa = PBXFileReference; explicitFileType = wrapper.application; includeInIndex = 0; path = ChiApp.app; sourceTree = BUILT_PRODUCTS_DIR; };
		1CEC6B5D1B2994FE00D8B69D /* Info.plist */ = {isa = PBXFileReference; lastKnownFileType = text.plist.xml; path = Info.plist; sourceTree = "<group>"; };
		1CEC6B5E1B2994FE00D8B69D /* main.m */ = {isa = PBXFileReference; lastKnownFileType = sourcecode.c.objc; path = main.m; sourceTree = "<group>"; };
		1CEC6B601B2994FE00D8B69D /* AppDelegate.h */ = {isa = PBXFileReference; lastKnownFileType = sourcecode.c.h; path = AppDelegate.h; sourceTree = "<group>"; };
		1CEC6B611B2994FE00D8B69D /* AppDelegate.m */ = {isa = PBXFileReference; lastKnownFileType = sourcecode.c.objc; path = AppDelegate.m; sourceTree = "<group>"; };
		1CEC6B631B2994FE00D8B69D /* ViewController.h */ = {isa = PBXFileReference; lastKnownFileType = sourcecode.c.h; path = ViewController.h; sourceTree = "<group>"; };
		1CEC6B641B2994FE00D8B69D /* ViewController.m */ = {isa = PBXFileReference; lastKnownFileType = sourcecode.c.objc; path = ViewController.m; sourceTree = "<group>"; };
		1CEC6B671B2994FE00D8B69D /* Base */ = {isa = PBXFileReference; lastKnownFileType = file.storyboard; name = Base; path = Base.lproj/Main.storyboard; sourceTree = "<group>"; };
		1CEC6B691B2994FE00D8B69D /* Images.xcassets */ = {isa = PBXFileReference; lastKnownFileType = folder.assetcatalog; path = Images.xcassets; sourceTree = "<group>"; };
		1CEC6B6C1B2994FE00D8B69D /* Base */ = {isa = PBXFileReference; lastKnownFileType = file.xib; name = Base; path = Base.lproj/LaunchScreen.xib; sourceTree = "<group>"; };
		1CEC6B721B2994FE00D8B69D /* ChiAppTests.xctest */ = {isa = PBXFileReference; explicitFileType = wrapper.cfbundle; includeInIndex = 0; path = ChiAppTests.xctest; sourceTree = BUILT_PRODUCTS_DIR; };
		1CEC6B771B2994FE00D8B69D /* Info.plist */ = {isa = PBXFileReference; lastKnownFileType = text.plist.xml; path = Info.plist; sourceTree = "<group>"; };
		1CEC6B781B2994FE00D8B69D /* ChiAppTests.m */ = {isa = PBXFileReference; lastKnownFileType = sourcecode.c.objc; path = ChiAppTests.m; sourceTree = "<group>"; };
		2269AE48E67660D4CEDD23F7 /* Pods-ChiApp.release.xcconfig */ = {isa = PBXFileReference; includeInIndex = 1; lastKnownFileType = text.xcconfig; name = "Pods-ChiApp.release.xcconfig"; path = "Pods/Target Support Files/Pods-ChiApp/Pods-ChiApp.release.xcconfig"; sourceTree = "<group>"; };
		4EDB6EF903FA99973E1DFDAA /* Pods-ChiApp.debug.xcconfig */ = {isa = PBXFileReference; includeInIndex = 1; lastKnownFileType = text.xcconfig; name = "Pods-ChiApp.debug.xcconfig"; path = "Pods/Target Support Files/Pods-ChiApp/Pods-ChiApp.debug.xcconfig"; sourceTree = "<group>"; };
		5616671CFB9A141ABD554EA0 /* libPods-ChiApp.a */ = {isa = PBXFileReference; explicitFileType = archive.ar; includeInIndex = 0; path = "libPods-ChiApp.a"; sourceTree = BUILT_PRODUCTS_DIR; };
/* End PBXFileReference section */

/* Begin PBXFrameworksBuildPhase section */
		1CEC6B561B2994FE00D8B69D /* Frameworks */ = {
			isa = PBXFrameworksBuildPhase;
			buildActionMask = 2147483647;
			files = (
				69E336EC4855BB95B0B5FA08 /* libPods-ChiApp.a in Frameworks */,
			);
			runOnlyForDeploymentPostprocessing = 0;
		};
		1CEC6B6F1B2994FE00D8B69D /* Frameworks */ = {
			isa = PBXFrameworksBuildPhase;
			buildActionMask = 2147483647;
			files = (
			);
			runOnlyForDeploymentPostprocessing = 0;
		};
/* End PBXFrameworksBuildPhase section */

/* Begin PBXGroup section */
		199E96FB7F3283D1A0DD24A6 /* Frameworks */ = {
			isa = PBXGroup;
			children = (
				5616671CFB9A141ABD554EA0 /* libPods-ChiApp.a */,
			);
			name = Frameworks;
			sourceTree = "<group>";
		};
		1CEC6B4E1B2994D000D8B69D = {
			isa = PBXGroup;
			children = (
				1CEC6B5B1B2994FE00D8B69D /* ChiApp */,
				1CEC6B751B2994FE00D8B69D /* ChiAppTests */,
				1CEC6B5A1B2994FE00D8B69D /* Products */,
				287F8FC59EDF4DEDB891470D /* Pods */,
				199E96FB7F3283D1A0DD24A6 /* Frameworks */,
			);
			sourceTree = "<group>";
		};
		1CEC6B5A1B2994FE00D8B69D /* Products */ = {
			isa = PBXGroup;
			children = (
				1CEC6B591B2994FE00D8B69D /* ChiApp.app */,
				1CEC6B721B2994FE00D8B69D /* ChiAppTests.xctest */,
			);
			name = Products;
			sourceTree = "<group>";
		};
		1CEC6B5B1B2994FE00D8B69D /* ChiApp */ = {
			isa = PBXGroup;
			children = (
				1CEC6B601B2994FE00D8B69D /* AppDelegate.h */,
				1CEC6B611B2994FE00D8B69D /* AppDelegate.m */,
				1CEC6B631B2994FE00D8B69D /* ViewController.h */,
				1CEC6B641B2994FE00D8B69D /* ViewController.m */,
				1CEC6B661B2994FE00D8B69D /* Main.storyboard */,
				1CEC6B691B2994FE00D8B69D /* Images.xcassets */,
				1CEC6B6B1B2994FE00D8B69D /* LaunchScreen.xib */,
				1CEC6B5C1B2994FE00D8B69D /* Supporting Files */,
			);
			path = ChiApp;
			sourceTree = "<group>";
		};
		1CEC6B5C1B2994FE00D8B69D /* Supporting Files */ = {
			isa = PBXGroup;
			children = (
				1CEC6B5D1B2994FE00D8B69D /* Info.plist */,
				1CEC6B5E1B2994FE00D8B69D /* main.m */,
			);
			name = "Supporting Files";
			sourceTree = "<group>";
		};
		1CEC6B751B2994FE00D8B69D /* ChiAppTests */ = {
			isa = PBXGroup;
			children = (
				1CEC6B781B2994FE00D8B69D /* ChiAppTests.m */,
				1CEC6B761B2994FE00D8B69D /* Supporting Files */,
			);
			path = ChiAppTests;
			sourceTree = "<group>";
		};
		1CEC6B761B2994FE00D8B69D /* Supporting Files */ = {
			isa = PBXGroup;
			children = (
				1CEC6B771B2994FE00D8B69D /* Info.plist */,
			);
			name = "Supporting Files";
			sourceTree = "<group>";
		};
		287F8FC59EDF4DEDB891470D /* Pods */ = {
			isa = PBXGroup;
			children = (
				4EDB6EF903FA99973E1DFDAA /* Pods-ChiApp.debug.xcconfig */,
				2269AE48E67660D4CEDD23F7 /* Pods-ChiApp.release.xcconfig */,
			);
			name = Pods;
			sourceTree = "<group>";
		};
/* End PBXGroup section */

/* Begin PBXNativeTarget section */
		1CEC6B581B2994FE00D8B69D /* ChiApp */ = {
			isa = PBXNativeTarget;
			buildConfigurationList = 1CEC6B7A1B2994FE00D8B69D /* Build configuration list for PBXNativeTarget "ChiApp" */;
			buildPhases = (
				0E03BDFBCA2ECD775C26127D /* Check Pods Manifest.lock */,
				1CEC6B551B2994FE00D8B69D /* Sources */,
				1CEC6B561B2994FE00D8B69D /* Frameworks */,
				1CEC6B571B2994FE00D8B69D /* Resources */,
				3DAE101AB879249208D377AD /* Copy Pods Resources */,
			);
			buildRules = (
			);
			dependencies = (
			);
			name = ChiApp;
			productName = ChiApp;
			productReference = 1CEC6B591B2994FE00D8B69D /* ChiApp.app */;
			productType = "com.apple.product-type.application";
		};
		1CEC6B711B2994FE00D8B69D /* ChiAppTests */ = {
			isa = PBXNativeTarget;
			buildConfigurationList = 1CEC6B7D1B2994FE00D8B69D /* Build configuration list for PBXNativeTarget "ChiAppTests" */;
			buildPhases = (
				1CEC6B6E1B2994FE00D8B69D /* Sources */,
				1CEC6B6F1B2994FE00D8B69D /* Frameworks */,
				1CEC6B701B2994FE00D8B69D /* Resources */,
			);
			buildRules = (
			);
			dependencies = (
				1CEC6B741B2994FE00D8B69D /* PBXTargetDependency */,
			);
			name = ChiAppTests;
			productName = ChiAppTests;
			productReference = 1CEC6B721B2994FE00D8B69D /* ChiAppTests.xctest */;
			productType = "com.apple.product-type.bundle.unit-test";
		};
/* End PBXNativeTarget section */

/* Begin PBXProject section */
		1CEC6B4F1B2994D000D8B69D /* Project object */ = {
			isa = PBXProject;
			attributes = {
				LastUpgradeCheck = 0630;
				TargetAttributes = {
					1CEC6B581B2994FE00D8B69D = {
						CreatedOnToolsVersion = 6.3.2;
					};
					1CEC6B711B2994FE00D8B69D = {
						CreatedOnToolsVersion = 6.3.2;
						TestTargetID = 1CEC6B581B2994FE00D8B69D;
					};
				};
			};
			buildConfigurationList = 1CEC6B521B2994D000D8B69D /* Build configuration list for PBXProject "ChiApp" */;
			compatibilityVersion = "Xcode 3.2";
			developmentRegion = English;
			hasScannedForEncodings = 0;
			knownRegions = (
				en,
				Base,
			);
			mainGroup = 1CEC6B4E1B2994D000D8B69D;
			productRefGroup = 1CEC6B5A1B2994FE00D8B69D /* Products */;
			projectDirPath = "";
			projectRoot = "";
			targets = (
				1CEC6B581B2994FE00D8B69D /* ChiApp */,
				1CEC6B711B2994FE00D8B69D /* ChiAppTests */,
			);
		};
/* End PBXProject section */

/* Begin PBXResourcesBuildPhase section */
		1CEC6B571B2994FE00D8B69D /* Resources */ = {
			isa = PBXResourcesBuildPhase;
			buildActionMask = 2147483647;
			files = (
				1CEC6B681B2994FE00D8B69D /* Main.storyboard in Resources */,
				1CEC6B6D1B2994FE00D8B69D /* LaunchScreen.xib in Resources */,
				1CEC6B6A1B2994FE00D8B69D /* Images.xcassets in Resources */,
			);
			runOnlyForDeploymentPostprocessing = 0;
		};
		1CEC6B701B2994FE00D8B69D /* Resources */ = {
			isa = PBXResourcesBuildPhase;
			buildActionMask = 2147483647;
			files = (
			);
			runOnlyForDeploymentPostprocessing = 0;
		};
/* End PBXResourcesBuildPhase section */

/* Begin PBXShellScriptBuildPhase section */
		0E03BDFBCA2ECD775C26127D /* Check Pods Manifest.lock */ = {
			isa = PBXShellScriptBuildPhase;
			buildActionMask = 2147483647;
			files = (
			);
			inputPaths = (
			);
			name = "Check Pods Manifest.lock";
			outputPaths = (
			);
			runOnlyForDeploymentPostprocessing = 0;
			shellPath = /bin/sh;
			shellScript = "diff \"${PODS_ROOT}/../Podfile.lock\" \"${PODS_ROOT}/Manifest.lock\" > /dev/null\nif [[ $? != 0 ]] ; then\n    cat << EOM\nerror: The sandbox is not in sync with the Podfile.lock. Run 'pod install' or update your CocoaPods installation.\nEOM\n    exit 1\nfi\n";
			showEnvVarsInLog = 0;
		};
		3DAE101AB879249208D377AD /* Copy Pods Resources */ = {
			isa = PBXShellScriptBuildPhase;
			buildActionMask = 2147483647;
			files = (
			);
			inputPaths = (
			);
			name = "Copy Pods Resources";
			outputPaths = (
			);
			runOnlyForDeploymentPostprocessing = 0;
			shellPath = /bin/sh;
			shellScript = "\"${SRCROOT}/Pods/Target Support Files/Pods-ChiApp/Pods-ChiApp-resources.sh\"\n";
			showEnvVarsInLog = 0;
		};
/* End PBXShellScriptBuildPhase section */

/* Begin PBXSourcesBuildPhase section */
		1CEC6B551B2994FE00D8B69D /* Sources */ = {
			isa = PBXSourcesBuildPhase;
			buildActionMask = 2147483647;
			files = (
				1CEC6B651B2994FE00D8B69D /* ViewController.m in Sources */,
				1CEC6B621B2994FE00D8B69D /* AppDelegate.m in Sources */,
				1CEC6B5F1B2994FE00D8B69D /* main.m in Sources */,
			);
			runOnlyForDeploymentPostprocessing = 0;
		};
		1CEC6B6E1B2994FE00D8B69D /* Sources */ = {
			isa = PBXSourcesBuildPhase;
			buildActionMask = 2147483647;
			files = (
				1CEC6B791B2994FE00D8B69D /* ChiAppTests.m in Sources */,
			);
			runOnlyForDeploymentPostprocessing = 0;
		};
/* End PBXSourcesBuildPhase section */

/* Begin PBXTargetDependency section */
		1CEC6B741B2994FE00D8B69D /* PBXTargetDependency */ = {
			isa = PBXTargetDependency;
			target = 1CEC6B581B2994FE00D8B69D /* ChiApp */;
			targetProxy = 1CEC6B731B2994FE00D8B69D /* PBXContainerItemProxy */;
		};
/* End PBXTargetDependency section */

/* Begin PBXVariantGroup section */
		1CEC6B661B2994FE00D8B69D /* Main.storyboard */ = {
			isa = PBXVariantGroup;
			children = (
				1CEC6B671B2994FE00D8B69D /* Base */,
			);
			name = Main.storyboard;
			sourceTree = "<group>";
		};
		1CEC6B6B1B2994FE00D8B69D /* LaunchScreen.xib */ = {
			isa = PBXVariantGroup;
			children = (
				1CEC6B6C1B2994FE00D8B69D /* Base */,
			);
			name = LaunchScreen.xib;
			sourceTree = "<group>";
		};
/* End PBXVariantGroup section */

/* Begin XCBuildConfiguration section */
		1CEC6B531B2994D000D8B69D /* Debug */ = {
			isa = XCBuildConfiguration;
			buildSettings = {
			};
			name = Debug;
		};
		1CEC6B541B2994D000D8B69D /* Release */ = {
			isa = XCBuildConfiguration;
			buildSettings = {
			};
			name = Release;
		};
		1CEC6B7B1B2994FE00D8B69D /* Debug */ = {
			isa = XCBuildConfiguration;
			baseConfigurationReference = 4EDB6EF903FA99973E1DFDAA /* Pods-ChiApp.debug.xcconfig */;
			buildSettings = {
				ALWAYS_SEARCH_USER_PATHS = NO;
				ASSETCATALOG_COMPILER_APPICON_NAME = AppIcon;
				CLANG_CXX_LANGUAGE_STANDARD = "gnu++0x";
				CLANG_CXX_LIBRARY = "libc++";
				CLANG_ENABLE_MODULES = YES;
				CLANG_ENABLE_OBJC_ARC = YES;
				CLANG_WARN_BOOL_CONVERSION = YES;
				CLANG_WARN_CONSTANT_CONVERSION = YES;
				CLANG_WARN_DIRECT_OBJC_ISA_USAGE = YES_ERROR;
				CLANG_WARN_EMPTY_BODY = YES;
				CLANG_WARN_ENUM_CONVERSION = YES;
				CLANG_WARN_INT_CONVERSION = YES;
				CLANG_WARN_OBJC_ROOT_CLASS = YES_ERROR;
				CLANG_WARN_UNREACHABLE_CODE = YES;
				CLANG_WARN__DUPLICATE_METHOD_MATCH = YES;
				"CODE_SIGN_IDENTITY[sdk=iphoneos*]" = "iPhone Developer";
				COPY_PHASE_STRIP = NO;
				DEBUG_INFORMATION_FORMAT = "dwarf-with-dsym";
				ENABLE_STRICT_OBJC_MSGSEND = YES;
				GCC_C_LANGUAGE_STANDARD = gnu99;
				GCC_DYNAMIC_NO_PIC = NO;
				GCC_NO_COMMON_BLOCKS = YES;
				GCC_OPTIMIZATION_LEVEL = 0;
				GCC_PREPROCESSOR_DEFINITIONS = (
					"DEBUG=1",
					"$(inherited)",
				);
				GCC_SYMBOLS_PRIVATE_EXTERN = NO;
				GCC_WARN_64_TO_32_BIT_CONVERSION = YES;
				GCC_WARN_ABOUT_RETURN_TYPE = YES_ERROR;
				GCC_WARN_UNDECLARED_SELECTOR = YES;
				GCC_WARN_UNINITIALIZED_AUTOS = YES_AGGRESSIVE;
				GCC_WARN_UNUSED_FUNCTION = YES;
				GCC_WARN_UNUSED_VARIABLE = YES;
				INFOPLIST_FILE = ChiApp/Info.plist;
				IPHONEOS_DEPLOYMENT_TARGET = 8.3;
				LD_RUNPATH_SEARCH_PATHS = "$(inherited) @executable_path/Frameworks";
				MTL_ENABLE_DEBUG_INFO = YES;
				ONLY_ACTIVE_ARCH = YES;
				PRODUCT_NAME = "$(TARGET_NAME)";
				SDKROOT = iphoneos;
				TARGETED_DEVICE_FAMILY = "1,2";
			};
			name = Debug;
		};
		1CEC6B7C1B2994FE00D8B69D /* Release */ = {
			isa = XCBuildConfiguration;
			baseConfigurationReference = 2269AE48E67660D4CEDD23F7 /* Pods-ChiApp.release.xcconfig */;
			buildSettings = {
				ALWAYS_SEARCH_USER_PATHS = NO;
				ASSETCATALOG_COMPILER_APPICON_NAME = AppIcon;
				CLANG_CXX_LANGUAGE_STANDARD = "gnu++0x";
				CLANG_CXX_LIBRARY = "libc++";
				CLANG_ENABLE_MODULES = YES;
				CLANG_ENABLE_OBJC_ARC = YES;
				CLANG_WARN_BOOL_CONVERSION = YES;
				CLANG_WARN_CONSTANT_CONVERSION = YES;
				CLANG_WARN_DIRECT_OBJC_ISA_USAGE = YES_ERROR;
				CLANG_WARN_EMPTY_BODY = YES;
				CLANG_WARN_ENUM_CONVERSION = YES;
				CLANG_WARN_INT_CONVERSION = YES;
				CLANG_WARN_OBJC_ROOT_CLASS = YES_ERROR;
				CLANG_WARN_UNREACHABLE_CODE = YES;
				CLANG_WARN__DUPLICATE_METHOD_MATCH = YES;
				"CODE_SIGN_IDENTITY[sdk=iphoneos*]" = "iPhone Developer";
				COPY_PHASE_STRIP = NO;
				DEBUG_INFORMATION_FORMAT = "dwarf-with-dsym";
				ENABLE_NS_ASSERTIONS = NO;
				ENABLE_STRICT_OBJC_MSGSEND = YES;
				GCC_C_LANGUAGE_STANDARD = gnu99;
				GCC_NO_COMMON_BLOCKS = YES;
				GCC_WARN_64_TO_32_BIT_CONVERSION = YES;
				GCC_WARN_ABOUT_RETURN_TYPE = YES_ERROR;
				GCC_WARN_UNDECLARED_SELECTOR = YES;
				GCC_WARN_UNINITIALIZED_AUTOS = YES_AGGRESSIVE;
				GCC_WARN_UNUSED_FUNCTION = YES;
				GCC_WARN_UNUSED_VARIABLE = YES;
				INFOPLIST_FILE = ChiApp/Info.plist;
				IPHONEOS_DEPLOYMENT_TARGET = 8.3;
				LD_RUNPATH_SEARCH_PATHS = "$(inherited) @executable_path/Frameworks";
				MTL_ENABLE_DEBUG_INFO = NO;
				PRODUCT_NAME = "$(TARGET_NAME)";
				SDKROOT = iphoneos;
				TARGETED_DEVICE_FAMILY = "1,2";
				VALIDATE_PRODUCT = YES;
			};
			name = Release;
		};
		1CEC6B7E1B2994FE00D8B69D /* Debug */ = {
			isa = XCBuildConfiguration;
			buildSettings = {
				ALWAYS_SEARCH_USER_PATHS = NO;
				BUNDLE_LOADER = "$(TEST_HOST)";
				CLANG_CXX_LANGUAGE_STANDARD = "gnu++0x";
				CLANG_CXX_LIBRARY = "libc++";
				CLANG_ENABLE_MODULES = YES;
				CLANG_ENABLE_OBJC_ARC = YES;
				CLANG_WARN_BOOL_CONVERSION = YES;
				CLANG_WARN_CONSTANT_CONVERSION = YES;
				CLANG_WARN_DIRECT_OBJC_ISA_USAGE = YES_ERROR;
				CLANG_WARN_EMPTY_BODY = YES;
				CLANG_WARN_ENUM_CONVERSION = YES;
				CLANG_WARN_INT_CONVERSION = YES;
				CLANG_WARN_OBJC_ROOT_CLASS = YES_ERROR;
				CLANG_WARN_UNREACHABLE_CODE = YES;
				CLANG_WARN__DUPLICATE_METHOD_MATCH = YES;
				COPY_PHASE_STRIP = NO;
				DEBUG_INFORMATION_FORMAT = "dwarf-with-dsym";
				ENABLE_STRICT_OBJC_MSGSEND = YES;
				FRAMEWORK_SEARCH_PATHS = (
					"$(SDKROOT)/Developer/Library/Frameworks",
					"$(inherited)",
				);
				GCC_C_LANGUAGE_STANDARD = gnu99;
				GCC_DYNAMIC_NO_PIC = NO;
				GCC_NO_COMMON_BLOCKS = YES;
				GCC_OPTIMIZATION_LEVEL = 0;
				GCC_PREPROCESSOR_DEFINITIONS = (
					"DEBUG=1",
					"$(inherited)",
				);
				GCC_SYMBOLS_PRIVATE_EXTERN = NO;
				GCC_WARN_64_TO_32_BIT_CONVERSION = YES;
				GCC_WARN_ABOUT_RETURN_TYPE = YES_ERROR;
				GCC_WARN_UNDECLARED_SELECTOR = YES;
				GCC_WARN_UNINITIALIZED_AUTOS = YES_AGGRESSIVE;
				GCC_WARN_UNUSED_FUNCTION = YES;
				GCC_WARN_UNUSED_VARIABLE = YES;
				INFOPLIST_FILE = ChiAppTests/Info.plist;
				IPHONEOS_DEPLOYMENT_TARGET = 8.3;
				LD_RUNPATH_SEARCH_PATHS = "$(inherited) @executable_path/Frameworks @loader_path/Frameworks";
				MTL_ENABLE_DEBUG_INFO = YES;
				ONLY_ACTIVE_ARCH = YES;
				PRODUCT_NAME = "$(TARGET_NAME)";
				SDKROOT = iphoneos;
				TEST_HOST = "$(BUILT_PRODUCTS_DIR)/ChiApp.app/ChiApp";
			};
			name = Debug;
		};
		1CEC6B7F1B2994FE00D8B69D /* Release */ = {
			isa = XCBuildConfiguration;
			buildSettings = {
				ALWAYS_SEARCH_USER_PATHS = NO;
				BUNDLE_LOADER = "$(TEST_HOST)";
				CLANG_CXX_LANGUAGE_STANDARD = "gnu++0x";
				CLANG_CXX_LIBRARY = "libc++";
				CLANG_ENABLE_MODULES = YES;
				CLANG_ENABLE_OBJC_ARC = YES;
				CLANG_WARN_BOOL_CONVERSION = YES;
				CLANG_WARN_CONSTANT_CONVERSION = YES;
				CLANG_WARN_DIRECT_OBJC_ISA_USAGE = YES_ERROR;
				CLANG_WARN_EMPTY_BODY = YES;
				CLANG_WARN_ENUM_CONVERSION = YES;
				CLANG_WARN_INT_CONVERSION = YES;
				CLANG_WARN_OBJC_ROOT_CLASS = YES_ERROR;
				CLANG_WARN_UNREACHABLE_CODE = YES;
				CLANG_WARN__DUPLICATE_METHOD_MATCH = YES;
				COPY_PHASE_STRIP = NO;
				DEBUG_INFORMATION_FORMAT = "dwarf-with-dsym";
				ENABLE_NS_ASSERTIONS = NO;
				ENABLE_STRICT_OBJC_MSGSEND = YES;
				FRAMEWORK_SEARCH_PATHS = (
					"$(SDKROOT)/Developer/Library/Frameworks",
					"$(inherited)",
				);
				GCC_C_LANGUAGE_STANDARD = gnu99;
				GCC_NO_COMMON_BLOCKS = YES;
				GCC_WARN_64_TO_32_BIT_CONVERSION = YES;
				GCC_WARN_ABOUT_RETURN_TYPE = YES_ERROR;
				GCC_WARN_UNDECLARED_SELECTOR = YES;
				GCC_WARN_UNINITIALIZED_AUTOS = YES_AGGRESSIVE;
				GCC_WARN_UNUSED_FUNCTION = YES;
				GCC_WARN_UNUSED_VARIABLE = YES;
				INFOPLIST_FILE = ChiAppTests/Info.plist;
				IPHONEOS_DEPLOYMENT_TARGET = 8.3;
				LD_RUNPATH_SEARCH_PATHS = "$(inherited) @executable_path/Frameworks @loader_path/Frameworks";
				MTL_ENABLE_DEBUG_INFO = NO;
				PRODUCT_NAME = "$(TARGET_NAME)";
				SDKROOT = iphoneos;
				TEST_HOST = "$(BUILT_PRODUCTS_DIR)/ChiApp.app/ChiApp";
				VALIDATE_PRODUCT = YES;
			};
			name = Release;
		};
/* End XCBuildConfiguration section */

/* Begin XCConfigurationList section */
		1CEC6B521B2994D000D8B69D /* Build configuration list for PBXProject "ChiApp" */ = {
			isa = XCConfigurationList;
			buildConfigurations = (
				1CEC6B531B2994D000D8B69D /* Debug */,
				1CEC6B541B2994D000D8B69D /* Release */,
			);
			defaultConfigurationIsVisible = 0;
			defaultConfigurationName = Release;
		};
		1CEC6B7A1B2994FE00D8B69D /* Build configuration list for PBXNativeTarget "ChiApp" */ = {
			isa = XCConfigurationList;
			buildConfigurations = (
				1CEC6B7B1B2994FE00D8B69D /* Debug */,
				1CEC6B7C1B2994FE00D8B69D /* Release */,
			);
			defaultConfigurationIsVisible = 0;
			defaultConfigurationName = Release;
		};
		1CEC6B7D1B2994FE00D8B69D /* Build configuration list for PBXNativeTarget "ChiAppTests" */ = {
			isa = XCConfigurationList;
			buildConfigurations = (
				1CEC6B7E1B2994FE00D8B69D /* Debug */,
				1CEC6B7F1B2994FE00D8B69D /* Release */,
			);
			defaultConfigurationIsVisible = 0;
			defaultConfigurationName = Release;
		};
/* End XCConfigurationList section */
	};
	rootObject = 1CEC6B4F1B2994D000D8B69D /* Project object */;
}
